# THIS IS AN AUTOGENERATED FILE. DO NOT EDIT THIS FILE DIRECTLY.
# yarn lockfile v1


aggregate-error@^1.0.0:
  version "1.0.0"
  resolved "http://registry.npm.taobao.org/aggregate-error/download/aggregate-error-1.0.0.tgz#888344dad0220a72e3af50906117f48771925fac"
  dependencies:
    clean-stack "^1.0.0"
    indent-string "^3.0.0"

arrify@^1.0.0:
  version "1.0.1"
  resolved "http://registry.npm.taobao.org/arrify/download/arrify-1.0.1.tgz#898508da2226f380df904728456849c1501a4b0d"

assertion-error@^1.1.0:
  version "1.1.0"
  resolved "http://registry.npm.taobao.org/assertion-error/download/assertion-error-1.1.0.tgz#e60b6b0e8f301bd97e5375215bda406c85118c0b"

balanced-match@^1.0.0:
  version "1.0.0"
  resolved "http://registry.npm.taobao.org/balanced-match/download/balanced-match-1.0.0.tgz#89b4d199ab2bee49de164ea02b89ce462d71b767"

brace-expansion@^1.1.7:
  version "1.1.11"
  resolved "http://registry.npm.taobao.org/brace-expansion/download/brace-expansion-1.1.11.tgz#3c7fcbf529d87226f3d2f52b966ff5271eb441dd"
  dependencies:
    balanced-match "^1.0.0"
    concat-map "0.0.1"

browser-stdout@1.3.1:
  version "1.3.1"
  resolved "http://registry.npm.taobao.org/browser-stdout/download/browser-stdout-1.3.1.tgz#baa559ee14ced73452229bad7326467c61fabd60"

buffer-alloc-unsafe@^1.1.0:
  version "1.1.0"
  resolved "http://registry.npm.taobao.org/buffer-alloc-unsafe/download/buffer-alloc-unsafe-1.1.0.tgz#bd7dc26ae2972d0eda253be061dba992349c19f0"

buffer-alloc@^1.1.0:
  version "1.2.0"
  resolved "http://registry.npm.taobao.org/buffer-alloc/download/buffer-alloc-1.2.0.tgz#890dd90d923a873e08e10e5fd51a57e5b7cce0ec"
  dependencies:
    buffer-alloc-unsafe "^1.1.0"
    buffer-fill "^1.0.0"

buffer-fill@^1.0.0:
  version "1.0.0"
  resolved "http://registry.npm.taobao.org/buffer-fill/download/buffer-fill-1.0.0.tgz#f8f78b76789888ef39f205cd637f68e702122b2c"

buffer-from@^1.0.0:
  version "1.1.1"
  resolved "http://registry.npm.taobao.org/buffer-from/download/buffer-from-1.1.1.tgz#32713bc028f75c02fdb710d7c7bcec1f2c6070ef"

chai@^4.2.0:
  version "4.2.0"
  resolved "http://registry.npm.taobao.org/chai/download/chai-4.2.0.tgz#760aa72cf20e3795e84b12877ce0e83737aa29e5"
  dependencies:
    assertion-error "^1.1.0"
    check-error "^1.0.2"
    deep-eql "^3.0.1"
    get-func-name "^2.0.0"
    pathval "^1.1.0"
    type-detect "^4.0.5"

check-error@^1.0.2:
  version "1.0.2"
  resolved "http://registry.npm.taobao.org/check-error/download/check-error-1.0.2.tgz#574d312edd88bb5dd8912e9286dd6c0aed4aac82"

clean-stack@^1.0.0:
  version "1.3.0"
  resolved "http://registry.npm.taobao.org/clean-stack/download/clean-stack-1.3.0.tgz#9e821501ae979986c46b1d66d2d432db2fd4ae31"

commander@2.15.1:
  version "2.15.1"
  resolved "http://registry.npm.taobao.org/commander/download/commander-2.15.1.tgz#df46e867d0fc2aec66a34662b406a9ccafff5b0f"

concat-map@0.0.1:
  version "0.0.1"
  resolved "http://registry.npm.taobao.org/concat-map/download/concat-map-0.0.1.tgz#d8a96bd77fd68df7793a73036a3ba0d5405d477b"

core-util-is@~1.0.0:
  version "1.0.2"
  resolved "http://registry.npm.taobao.org/core-util-is/download/core-util-is-1.0.2.tgz#b5fd54220aa2bc5ab57aab7140c940754503c1a7"

cross-spawn-async@^2.1.1:
  version "2.2.5"
  resolved "http://registry.npm.taobao.org/cross-spawn-async/download/cross-spawn-async-2.2.5.tgz#845ff0c0834a3ded9d160daca6d390906bb288cc"
  dependencies:
    lru-cache "^4.0.0"
    which "^1.2.8"

cross-spawn@^5.0.1:
  version "5.1.0"
  resolved "http://registry.npm.taobao.org/cross-spawn/download/cross-spawn-5.1.0.tgz#e8bd0efee58fcff6f8f94510a0a554bbfa235449"
  dependencies:
    lru-cache "^4.0.1"
    shebang-command "^1.2.0"
    which "^1.2.9"

cross-spawn@^6.0.0:
  version "6.0.5"
  resolved "http://registry.npm.taobao.org/cross-spawn/download/cross-spawn-6.0.5.tgz#4a5ec7c64dfae22c3a14124dbacdee846d80cbc4"
  dependencies:
    nice-try "^1.0.4"
    path-key "^2.0.1"
    semver "^5.5.0"
    shebang-command "^1.2.0"
    which "^1.2.9"

csv-parser@^1.6.0:
  version "1.12.1"
  resolved "http://registry.npm.taobao.org/csv-parser/download/csv-parser-1.12.1.tgz#391e1ef961b1f9dcb4c7c0f82eb450a1bd916158"
  dependencies:
    buffer-alloc "^1.1.0"
    buffer-from "^1.0.0"
    generate-function "^1.0.1"
    generate-object-property "^1.0.0"
    inherits "^2.0.1"
    minimist "^1.2.0"
    ndjson "^1.4.0"

debug@3.1.0:
  version "3.1.0"
  resolved "http://registry.npm.taobao.org/debug/download/debug-3.1.0.tgz#5bb5a0672628b64149566ba16819e61518c67261"
  dependencies:
    ms "2.0.0"

deep-eql@^3.0.1:
  version "3.0.1"
  resolved "http://registry.npm.taobao.org/deep-eql/download/deep-eql-3.0.1.tgz#dfc9404400ad1c8fe023e7da1df1c147c4b444df"
  dependencies:
    type-detect "^4.0.0"

diff@3.5.0:
  version "3.5.0"
  resolved "http://registry.npm.taobao.org/diff/download/diff-3.5.0.tgz#800c0dd1e0a8bfbc95835c202ad220fe317e5a12"

escape-string-regexp@1.0.5:
  version "1.0.5"
  resolved "http://registry.npm.taobao.org/escape-string-regexp/download/escape-string-regexp-1.0.5.tgz#1b61c0562190a8dff6ae3bb2cf0200ca130b86d4"

execa@^0.1.1:
  version "0.1.1"
  resolved "http://registry.npm.taobao.org/execa/download/execa-0.1.1.tgz#b09c2a9309bc0ef0501479472db3180f8d4c3edd"
  dependencies:
    cross-spawn-async "^2.1.1"
    object-assign "^4.0.1"
    strip-eof "^1.0.0"

execa@^0.10.0:
  version "0.10.0"
  resolved "http://registry.npm.taobao.org/execa/download/execa-0.10.0.tgz#ff456a8f53f90f8eccc71a96d11bdfc7f082cb50"
  dependencies:
    cross-spawn "^6.0.0"
    get-stream "^3.0.0"
    is-stream "^1.1.0"
    npm-run-path "^2.0.0"
    p-finally "^1.0.0"
    signal-exit "^3.0.0"
    strip-eof "^1.0.0"

execa@^0.9.0:
  version "0.9.0"
  resolved "http://registry.npm.taobao.org/execa/download/execa-0.9.0.tgz#adb7ce62cf985071f60580deb4a88b9e34712d01"
  dependencies:
    cross-spawn "^5.0.1"
    get-stream "^3.0.0"
    is-stream "^1.1.0"
    npm-run-path "^2.0.0"
    p-finally "^1.0.0"
    signal-exit "^3.0.0"
    strip-eof "^1.0.0"

fkill@^5.3.0:
  version "5.3.0"
  resolved "http://registry.npm.taobao.org/fkill/download/fkill-5.3.0.tgz#317248aa3efdb1b26b9bf5dc3a198ac3ed27b860"
  dependencies:
    aggregate-error "^1.0.0"
    arrify "^1.0.0"
    execa "^0.10.0"
    pid-from-port "^1.0.0"
    process-exists "^3.1.0"
    taskkill "^2.0.0"

from2@^2.1.1:
  version "2.3.0"
  resolved "http://registry.npm.taobao.org/from2/download/from2-2.3.0.tgz#8bfb5502bde4a4d36cfdeea007fcca21d7e382af"
  dependencies:
    inherits "^2.0.1"
    readable-stream "^2.0.0"

fs.realpath@^1.0.0:
  version "1.0.0"
  resolved "http://registry.npm.taobao.org/fs.realpath/download/fs.realpath-1.0.0.tgz#1504ad2523158caa40db4a2787cb01411994ea4f"

generate-function@^1.0.1:
  version "1.1.0"
  resolved "http://registry.npm.taobao.org/generate-function/download/generate-function-1.1.0.tgz#54c21b080192b16d9877779c5bb81666e772365f"

generate-object-property@^1.0.0:
  version "1.2.0"
  resolved "http://registry.npm.taobao.org/generate-object-property/download/generate-object-property-1.2.0.tgz#9c0e1c40308ce804f4783618b937fa88f99d50d0"
  dependencies:
    is-property "^1.0.0"

get-func-name@^2.0.0:
  version "2.0.2"
  resolved "https://registry.yarnpkg.com/get-func-name/-/get-func-name-2.0.2.tgz#0d7cf20cd13fda808669ffa88f4ffc7a3943fc41"

get-stream@^2.1.0:
  version "2.3.1"
  resolved "http://registry.npm.taobao.org/get-stream/download/get-stream-2.3.1.tgz#5f38f93f346009666ee0150a054167f91bdd95de"
  dependencies:
    object-assign "^4.0.1"
    pinkie-promise "^2.0.0"

get-stream@^3.0.0:
  version "3.0.0"
  resolved "http://registry.npm.taobao.org/get-stream/download/get-stream-3.0.0.tgz#8e943d1358dc37555054ecbe2edb05aa174ede14"

glob@7.1.2:
  version "7.1.2"
  resolved "http://registry.npm.taobao.org/glob/download/glob-7.1.2.tgz#c19c9df9a028702d678612384a6552404c636d15"
  dependencies:
    fs.realpath "^1.0.0"
    inflight "^1.0.4"
    inherits "2"
    minimatch "^3.0.4"
    once "^1.3.0"
    path-is-absolute "^1.0.0"

growl@1.10.5:
  version "1.10.5"
  resolved "http://registry.npm.taobao.org/growl/download/growl-1.10.5.tgz#f2735dc2283674fa67478b10181059355c369e5e"

has-flag@^3.0.0:
  version "3.0.0"
  resolved "http://registry.npm.taobao.org/has-flag/download/has-flag-3.0.0.tgz#b5d454dc2199ae225699f3467e5a07f3b955bafd"

he@1.1.1:
  version "1.1.1"
  resolved "http://registry.npm.taobao.org/he/download/he-1.1.1.tgz#93410fd21b009735151f8868c2f271f3427e23fd"

indent-string@^3.0.0:
  version "3.2.0"
  resolved "http://registry.npm.taobao.org/indent-string/download/indent-string-3.2.0.tgz#4a5fd6d27cc332f37e5419a504dbb837105c9289"

inflight@^1.0.4:
  version "1.0.6"
  resolved "http://registry.npm.taobao.org/inflight/download/inflight-1.0.6.tgz#49bd6331d7d02d0c09bc910a1075ba8165b56df9"
  dependencies:
    once "^1.3.0"
    wrappy "1"

inherits@2, inherits@^2.0.1, inherits@~2.0.3:
  version "2.0.3"
  resolved "http://registry.npm.taobao.org/inherits/download/inherits-2.0.3.tgz#633c2c83e3da42a502f52466022480f4208261de"

into-stream@^2.0.0:
  version "2.0.1"
  resolved "http://registry.npm.taobao.org/into-stream/download/into-stream-2.0.1.tgz#db9b003694453eae091d8a5c84cc11507b781d31"
  dependencies:
    from2 "^2.1.1"

is-property@^1.0.0:
  version "1.0.2"
  resolved "http://registry.npm.taobao.org/is-property/download/is-property-1.0.2.tgz#57fe1c4e48474edd65b09911f26b1cd4095dda84"

is-stream@^1.1.0:
  version "1.1.0"
  resolved "http://registry.npm.taobao.org/is-stream/download/is-stream-1.1.0.tgz#12d4a3dd4e68e0b79ceb8dbc84173ae80d91ca44"

isarray@~1.0.0:
  version "1.0.0"
  resolved "http://registry.npm.taobao.org/isarray/download/isarray-1.0.0.tgz#bb935d48582cba168c06834957a54a3e07124f11"

isexe@^2.0.0:
  version "2.0.0"
  resolved "http://registry.npm.taobao.org/isexe/download/isexe-2.0.0.tgz#e8fbf374dc556ff8947a10dcb0572d633f2cfa10"

json-stringify-safe@^5.0.1:
  version "5.0.1"
  resolved "http://registry.npm.taobao.org/json-stringify-safe/download/json-stringify-safe-5.0.1.tgz#1296a2d58fd45f19a0f6ce01d65701e2c735b6eb"

lru-cache@^4.0.0, lru-cache@^4.0.1:
  version "4.1.3"
  resolved "http://registry.npm.taobao.org/lru-cache/download/lru-cache-4.1.3.tgz#a1175cf3496dfc8436c156c334b4955992bce69c"
  dependencies:
    pseudomap "^1.0.2"
    yallist "^2.1.2"

minimatch@3.0.4, minimatch@^3.0.4:
  version "3.0.4"
  resolved "http://registry.npm.taobao.org/minimatch/download/minimatch-3.0.4.tgz#5166e286457f03306064be5497e8dbb0c3d32083"
  dependencies:
    brace-expansion "^1.1.7"

minimist@0.0.8:
  version "0.0.8"
  resolved "http://registry.npm.taobao.org/minimist/download/minimist-0.0.8.tgz#857fcabfc3397d2625b8228262e86aa7a011b05d"

minimist@^1.2.0:
  version "1.2.0"
  resolved "http://registry.npm.taobao.org/minimist/download/minimist-1.2.0.tgz#a35008b20f41383eec1fb914f4cd5df79a264284"

mkdirp@0.5.1:
  version "0.5.1"
  resolved "http://registry.npm.taobao.org/mkdirp/download/mkdirp-0.5.1.tgz#30057438eac6cf7f8c4767f38648d6697d75c903"
  dependencies:
    minimist "0.0.8"

mocha@^5.2.0:
  version "5.2.0"
  resolved "http://registry.npm.taobao.org/mocha/download/mocha-5.2.0.tgz#6d8ae508f59167f940f2b5b3c4a612ae50c90ae6"
  dependencies:
    browser-stdout "1.3.1"
    commander "2.15.1"
    debug "3.1.0"
    diff "3.5.0"
    escape-string-regexp "1.0.5"
    glob "7.1.2"
    growl "1.10.5"
    he "1.1.1"
    minimatch "3.0.4"
    mkdirp "0.5.1"
    supports-color "5.4.0"

ms@2.0.0:
  version "2.0.0"
  resolved "http://registry.npm.taobao.org/ms/download/ms-2.0.0.tgz#5608aeadfc00be6c2901df5f9861788de0d597c8"

ndjson@^1.4.0:
  version "1.5.0"
  resolved "http://registry.npm.taobao.org/ndjson/download/ndjson-1.5.0.tgz#ae603b36b134bcec347b452422b0bf98d5832ec8"
  dependencies:
    json-stringify-safe "^5.0.1"
    minimist "^1.2.0"
    split2 "^2.1.0"
    through2 "^2.0.3"

neat-csv@^2.1.0:
  version "2.1.0"
  resolved "http://registry.npm.taobao.org/neat-csv/download/neat-csv-2.1.0.tgz#06f58360c4c3b955bd467ddc85ae4511a3907a4c"
  dependencies:
    csv-parser "^1.6.0"
    get-stream "^2.1.0"
    into-stream "^2.0.0"

nice-try@^1.0.4:
  version "1.0.5"
  resolved "http://registry.npm.taobao.org/nice-try/download/nice-try-1.0.5.tgz#a3378a7696ce7d223e88fc9b764bd7ef1089e366"

npm-run-path@^2.0.0:
  version "2.0.2"
  resolved "http://registry.npm.taobao.org/npm-run-path/download/npm-run-path-2.0.2.tgz#35a9232dfa35d7067b4cb2ddf2357b1871536c5f"
  dependencies:
    path-key "^2.0.0"

object-assign@^4.0.1:
  version "4.1.1"
  resolved "http://registry.npm.taobao.org/object-assign/download/object-assign-4.1.1.tgz#2109adc7965887cfc05cbbd442cac8bfbb360863"

once@^1.3.0:
  version "1.4.0"
  resolved "http://registry.npm.taobao.org/once/download/once-1.4.0.tgz#583b1aa775961d4b113ac17d9c50baef9dd76bd1"
  dependencies:
    wrappy "1"

p-finally@^1.0.0:
  version "1.0.0"
  resolved "http://registry.npm.taobao.org/p-finally/download/p-finally-1.0.0.tgz#3fbcfb15b899a44123b34b6dcc18b724336a2cae"

path-is-absolute@^1.0.0:
  version "1.0.1"
  resolved "http://registry.npm.taobao.org/path-is-absolute/download/path-is-absolute-1.0.1.tgz#174b9268735534ffbc7ace6bf53a5a9e1b5c5f5f"

path-key@^2.0.0, path-key@^2.0.1:
  version "2.0.1"
  resolved "http://registry.npm.taobao.org/path-key/download/path-key-2.0.1.tgz#411cadb574c5a140d3a4b1910d40d80cc9f40b40"

pathval@^1.1.0:
  version "1.1.0"
  resolved "http://registry.npm.taobao.org/pathval/download/pathval-1.1.0.tgz#b942e6d4bde653005ef6b71361def8727d0645e0"

pid-from-port@^1.0.0:
  version "1.1.3"
  resolved "http://registry.npm.taobao.org/pid-from-port/download/pid-from-port-1.1.3.tgz#313a1d056ee71319cff0940ed0ff027dad39ca69"
  dependencies:
    execa "^0.9.0"

pify@^2.2.0:
  version "2.3.0"
  resolved "http://registry.npm.taobao.org/pify/download/pify-2.3.0.tgz#ed141a6ac043a849ea588498e7dca8b15330e90c"

pify@^3.0.0:
  version "3.0.0"
  resolved "http://registry.npm.taobao.org/pify/download/pify-3.0.0.tgz#e5a4acd2c101fdf3d9a4d07f0dbc4db49dd28176"

pinkie-promise@^2.0.0:
  version "2.0.1"
  resolved "http://registry.npm.taobao.org/pinkie-promise/download/pinkie-promise-2.0.1.tgz#2135d6dfa7a358c069ac9b178776288228450ffa"
  dependencies:
    pinkie "^2.0.0"

pinkie@^2.0.0:
  version "2.0.4"
  resolved "http://registry.npm.taobao.org/pinkie/download/pinkie-2.0.4.tgz#72556b80cfa0d48a974e80e77248e80ed4f7f870"

process-exists@^3.1.0:
  version "3.1.0"
  resolved "http://registry.npm.taobao.org/process-exists/download/process-exists-3.1.0.tgz#86cae049e1e7b51382690ec9fd8dfd74ff7a17c8"
  dependencies:
    ps-list "^4.0.0"

process-nextick-args@~2.0.0:
  version "2.0.0"
  resolved "http://registry.npm.taobao.org/process-nextick-args/download/process-nextick-args-2.0.0.tgz#a37d732f4271b4ab1ad070d35508e8290788ffaa"

ps-list@^4.0.0:
  version "4.1.0"
  resolved "http://registry.npm.taobao.org/ps-list/download/ps-list-4.1.0.tgz#8ffd6434add37f9dd1a9f19ab1beb42c9db60dae"
  dependencies:
    pify "^3.0.0"
    tasklist "^3.1.0"

pseudomap@^1.0.2:
  version "1.0.2"
  resolved "http://registry.npm.taobao.org/pseudomap/download/pseudomap-1.0.2.tgz#f052a28da70e618917ef0a8ac34c1ae5a68286b3"

readable-stream@^2.0.0, readable-stream@^2.1.5:
  version "2.3.6"
  resolved "http://registry.npm.taobao.org/readable-stream/download/readable-stream-2.3.6.tgz#b11c27d88b8ff1fbe070643cf94b0c79ae1b0aaf"
  dependencies:
    core-util-is "~1.0.0"
    inherits "~2.0.3"
    isarray "~1.0.0"
    process-nextick-args "~2.0.0"
    safe-buffer "~5.1.1"
    string_decoder "~1.1.1"
    util-deprecate "~1.0.1"

safe-buffer@~5.1.0, safe-buffer@~5.1.1:
  version "5.1.2"
  resolved "http://registry.npm.taobao.org/safe-buffer/download/safe-buffer-5.1.2.tgz#991ec69d296e0313747d59bdfd2b745c35f8828d"

sec@^1.0.0:
  version "1.0.0"
  resolved "http://registry.npm.taobao.org/sec/download/sec-1.0.0.tgz#033d60a3ad20ecf2e00940d14f97823465774335"

semver@^5.5.0:
  version "5.6.0"
  resolved "http://registry.npm.taobao.org/semver/download/semver-5.6.0.tgz#7e74256fbaa49c75aa7c7a205cc22799cac80004"

shebang-command@^1.2.0:
  version "1.2.0"
  resolved "http://registry.npm.taobao.org/shebang-command/download/shebang-command-1.2.0.tgz#44aac65b695b03398968c39f363fee5deafdf1ea"
  dependencies:
    shebang-regex "^1.0.0"

shebang-regex@^1.0.0:
  version "1.0.0"
  resolved "http://registry.npm.taobao.org/shebang-regex/download/shebang-regex-1.0.0.tgz#da42f49740c0b42db2ca9728571cb190c98efea3"

signal-exit@^3.0.0:
  version "3.0.2"
  resolved "http://registry.npm.taobao.org/signal-exit/download/signal-exit-3.0.2.tgz#b5fdc08f1287ea1178628e415e25132b73646c6d"

split2@^2.1.0:
  version "2.2.0"
  resolved "http://registry.npm.taobao.org/split2/download/split2-2.2.0.tgz#186b2575bcf83e85b7d18465756238ee4ee42493"
  dependencies:
    through2 "^2.0.2"

string_decoder@~1.1.1:
  version "1.1.1"
  resolved "http://registry.npm.taobao.org/string_decoder/download/string_decoder-1.1.1.tgz#9cf1611ba62685d7030ae9e4ba34149c3af03fc8"
  dependencies:
    safe-buffer "~5.1.0"

strip-eof@^1.0.0:
  version "1.0.0"
  resolved "http://registry.npm.taobao.org/strip-eof/download/strip-eof-1.0.0.tgz#bb43ff5598a6eb05d89b59fcd129c983313606bf"

supports-color@5.4.0:
  version "5.4.0"
  resolved "http://registry.npm.taobao.org/supports-color/download/supports-color-5.4.0.tgz#1c6b337402c2137605efe19f10fec390f6faab54"
  dependencies:
    has-flag "^3.0.0"

taskkill@^2.0.0:
  version "2.0.0"
  resolved "http://registry.npm.taobao.org/taskkill/download/taskkill-2.0.0.tgz#a354305702a964357033027aa949eaed5331b784"
  dependencies:
    arrify "^1.0.0"
    execa "^0.1.1"

tasklist@^3.1.0:
  version "3.1.1"
  resolved "http://registry.npm.taobao.org/tasklist/download/tasklist-3.1.1.tgz#84cb49f8359b9ed0451dd1d9b6111da18107dbd5"
  dependencies:
    neat-csv "^2.1.0"
    pify "^2.2.0"
    sec "^1.0.0"

through2@^2.0.2, through2@^2.0.3:
  version "2.0.3"
  resolved "http://registry.npm.taobao.org/through2/download/through2-2.0.3.tgz#0004569b37c7c74ba39c43f3ced78d1ad94140be"
  dependencies:
    readable-stream "^2.1.5"
    xtend "~4.0.1"

type-detect@^4.0.0, type-detect@^4.0.5:
  version "4.0.8"
  resolved "http://registry.npm.taobao.org/type-detect/download/type-detect-4.0.8.tgz#7646fb5f18871cfbb7749e69bd39a6388eb7450c"

util-deprecate@~1.0.1:
  version "1.0.2"
  resolved "http://registry.npm.taobao.org/util-deprecate/download/util-deprecate-1.0.2.tgz#450d4dc9fa70de732762fbd2d4a28981419a0ccf"

which@^1.2.8, which@^1.2.9:
  version "1.3.1"
  resolved "http://registry.npm.taobao.org/which/download/which-1.3.1.tgz#a45043d54f5805316da8d62f9f50918d3da70b0a"
  dependencies:
    isexe "^2.0.0"

wrappy@1:
  version "1.0.2"
  resolved "http://registry.npm.taobao.org/wrappy/download/wrappy-1.0.2.tgz#b5243d8f3ec1aa35f1364605bc0d1036e30ab69f"

xtend@~4.0.1:
  version "4.0.1"
  resolved "http://registry.npm.taobao.org/xtend/download/xtend-4.0.1.tgz#a5c6d532be656e23db820efb943a1f04998d63af"

yallist@^2.1.2:
  version "2.1.2"
  resolved "http://registry.npm.taobao.org/yallist/download/yallist-2.1.2.tgz#1c11f9218f076089a47dd512f93c6699a6a81d52"
